// !$*UTF8*$!
{
	archiveVersion = 1;
	classes = {
	};
	objectVersion = 46;
	objects = {

/* Begin PBXAggregateTarget section */
		0E83AFF51B3FC5C800E4ABB0 /* UniversalLib */ = {
			isa = PBXAggregateTarget;
			buildConfigurationList = 0E83AFF81B3FC5C800E4ABB0 /* Build configuration list for PBXAggregateTarget "UniversalLib" */;
			buildPhases = (
				0E83AFF91B3FC5DC00E4ABB0 /* ShellScript */,
			);
			dependencies = (
			);
			name = UniversalLib;
			productName = UniversalLib;
		};
/* End PBXAggregateTarget section */

/* Begin PBXBuildFile section */
		0E3CD2DB1B91081F0046C9B6 /* CHSoundSampleCue.m in Sources */ = {isa = PBXBuildFile; fileRef = 0E3CD2DA1B91081F0046C9B6 /* CHSoundSampleCue.m */; };
		0E3CD2DD1B9108A60046C9B6 /* CHSoundSampleCueTest.m in Sources */ = {isa = PBXBuildFile; fileRef = 0E3CD2DC1B9108A60046C9B6 /* CHSoundSampleCueTest.m */; };
		0E5890EE1B3FB22F000D205B /* libCohort.a in Frameworks */ = {isa = PBXBuildFile; fileRef = 0E5890E31B3FB22F000D205B /* libCohort.a */; };
		0E5891131B3FB279000D205B /* CHEpisode.m in Sources */ = {isa = PBXBuildFile; fileRef = 0E5890FD1B3FB279000D205B /* CHEpisode.m */; };
		0E5891141B3FB279000D205B /* CHEvent.m in Sources */ = {isa = PBXBuildFile; fileRef = 0E5890FF1B3FB279000D205B /* CHEvent.m */; };
		0E5891151B3FB279000D205B /* CHParticipant.m in Sources */ = {isa = PBXBuildFile; fileRef = 0E5891021B3FB279000D205B /* CHParticipant.m */; };
		0E5891161B3FB279000D205B /* CHSession.m in Sources */ = {isa = PBXBuildFile; fileRef = 0E5891041B3FB279000D205B /* CHSession.m */; };
		0E5891171B3FB279000D205B /* CHSoundAsset.m in Sources */ = {isa = PBXBuildFile; fileRef = 0E5891061B3FB279000D205B /* CHSoundAsset.m */; };
		0E5891181B3FB279000D205B /* CHSoundCue.m in Sources */ = {isa = PBXBuildFile; fileRef = 0E5891081B3FB279000D205B /* CHSoundCue.m */; };
		0E5891191B3FB279000D205B /* CHTrigger.m in Sources */ = {isa = PBXBuildFile; fileRef = 0E58910A1B3FB279000D205B /* CHTrigger.m */; };
		0E58911A1B3FB279000D205B /* AEAudioUnitFilePlayer.m in Sources */ = {isa = PBXBuildFile; fileRef = 0E58910F1B3FB279000D205B /* AEAudioUnitFilePlayer.m */; };
		0E5891221B3FB2AA000D205B /* CHEpisodeTest.m in Sources */ = {isa = PBXBuildFile; fileRef = 0E58911B1B3FB2AA000D205B /* CHEpisodeTest.m */; };
		0E5891231B3FB2AA000D205B /* CHEventTest.m in Sources */ = {isa = PBXBuildFile; fileRef = 0E58911C1B3FB2AA000D205B /* CHEventTest.m */; };
		0E5891241B3FB2AA000D205B /* CHParticipantTest.m in Sources */ = {isa = PBXBuildFile; fileRef = 0E58911D1B3FB2AA000D205B /* CHParticipantTest.m */; };
		0E5891251B3FB2AA000D205B /* CHSessionTest.m in Sources */ = {isa = PBXBuildFile; fileRef = 0E58911E1B3FB2AA000D205B /* CHSessionTest.m */; };
		0E5891261B3FB2AA000D205B /* CHSoundAssetTest.m in Sources */ = {isa = PBXBuildFile; fileRef = 0E58911F1B3FB2AA000D205B /* CHSoundAssetTest.m */; };
		0E5891271B3FB2AA000D205B /* CHSoundCueTest.m in Sources */ = {isa = PBXBuildFile; fileRef = 0E5891201B3FB2AA000D205B /* CHSoundCueTest.m */; };
		0E5891281B3FB2AA000D205B /* CHTriggerTest.m in Sources */ = {isa = PBXBuildFile; fileRef = 0E5891211B3FB2AA000D205B /* CHTriggerTest.m */; };
		0E78D7A51B5047A500A7F955 /* testpattern-180.m4v in Resources */ = {isa = PBXBuildFile; fileRef = 0E78D7A11B5047A500A7F955 /* testpattern-180.m4v */; };
		0E78D7A61B5047A500A7F955 /* testpattern-360.m4v in Resources */ = {isa = PBXBuildFile; fileRef = 0E78D7A21B5047A500A7F955 /* testpattern-360.m4v */; };
		0E78D7A71B5047A500A7F955 /* testpattern-540.m4v in Resources */ = {isa = PBXBuildFile; fileRef = 0E78D7A31B5047A500A7F955 /* testpattern-540.m4v */; };
		0E78D7A81B5047A500A7F955 /* testpattern-1080.m4v in Resources */ = {isa = PBXBuildFile; fileRef = 0E78D7A41B5047A500A7F955 /* testpattern-1080.m4v */; };
		0E78D7AB1B50496400A7F955 /* CHVideoAsset.m in Sources */ = {isa = PBXBuildFile; fileRef = 0E78D7AA1B50496400A7F955 /* CHVideoAsset.m */; };
		0E78D7B01B504ED500A7F955 /* CHVideoCue.m in Sources */ = {isa = PBXBuildFile; fileRef = 0E78D7AF1B504ED500A7F955 /* CHVideoCue.m */; };
		0E78D7B61B507D4100A7F955 /* CHVideoAssetTest.m in Sources */ = {isa = PBXBuildFile; fileRef = 0E78D7B51B507D4100A7F955 /* CHVideoAssetTest.m */; };
		0E78D7B81B507DA800A7F955 /* CHVideoCueTest.m in Sources */ = {isa = PBXBuildFile; fileRef = 0E78D7B71B507DA800A7F955 /* CHVideoCueTest.m */; };
		0E83AFF21B3FBD5200E4ABB0 /* clicktrack.m4a in Resources */ = {isa = PBXBuildFile; fileRef = 0E83AFF11B3FBD5200E4ABB0 /* clicktrack.m4a */; };
		0E83AFF41B3FC35D00E4ABB0 /* Cohort.h in CopyFiles */ = {isa = PBXBuildFile; fileRef = 0E5891291B3FB2ED000D205B /* Cohort.h */; };
		B3A7497C0F72F6CF01528062 /* libPods-CohortTests.a in Frameworks */ = {isa = PBXBuildFile; fileRef = 9E8DA03C177D595CF0EA3742 /* libPods-CohortTests.a */; };
/* End PBXBuildFile section */

/* Begin PBXContainerItemProxy section */
		0E5890EF1B3FB22F000D205B /* PBXContainerItemProxy */ = {
			isa = PBXContainerItemProxy;
			containerPortal = 0ED7E6DD1B262CE800ABE472 /* Project object */;
			proxyType = 1;
			remoteGlobalIDString = 0E5890E21B3FB22F000D205B;
			remoteInfo = Cohort;
		};
/* End PBXContainerItemProxy section */

/* Begin PBXCopyFilesBuildPhase section */
		0E5890E11B3FB22F000D205B /* CopyFiles */ = {
			isa = PBXCopyFilesBuildPhase;
			buildActionMask = 2147483647;
			dstPath = "include/$(PRODUCT_NAME)";
			dstSubfolderSpec = 16;
			files = (
			);
			runOnlyForDeploymentPostprocessing = 0;
		};
		0E83AFF31B3FC31600E4ABB0 /* CopyFiles */ = {
			isa = PBXCopyFilesBuildPhase;
			buildActionMask = 2147483647;
			dstPath = "include/${PRODUCT_NAME}";
			dstSubfolderSpec = 16;
			files = (
				0E83AFF41B3FC35D00E4ABB0 /* Cohort.h in CopyFiles */,
			);
			runOnlyForDeploymentPostprocessing = 0;
		};
/* End PBXCopyFilesBuildPhase section */

/* Begin PBXFileReference section */
		0E3CD2D91B91081F0046C9B6 /* CHSoundSampleCue.h */ = {isa = PBXFileReference; fileEncoding = 4; lastKnownFileType = sourcecode.c.h; path = CHSoundSampleCue.h; sourceTree = "<group>"; };
		0E3CD2DA1B91081F0046C9B6 /* CHSoundSampleCue.m */ = {isa = PBXFileReference; fileEncoding = 4; lastKnownFileType = sourcecode.c.objc; path = CHSoundSampleCue.m; sourceTree = "<group>"; };
		0E3CD2DC1B9108A60046C9B6 /* CHSoundSampleCueTest.m */ = {isa = PBXFileReference; fileEncoding = 4; lastKnownFileType = sourcecode.c.objc; path = CHSoundSampleCueTest.m; sourceTree = "<group>"; };
		0E5890E31B3FB22F000D205B /* libCohort.a */ = {isa = PBXFileReference; explicitFileType = archive.ar; includeInIndex = 0; path = libCohort.a; sourceTree = BUILT_PRODUCTS_DIR; };
		0E5890ED1B3FB22F000D205B /* CohortTests.xctest */ = {isa = PBXFileReference; explicitFileType = wrapper.cfbundle; includeInIndex = 0; path = CohortTests.xctest; sourceTree = BUILT_PRODUCTS_DIR; };
		0E5890F31B3FB22F000D205B /* Info.plist */ = {isa = PBXFileReference; lastKnownFileType = text.plist.xml; path = Info.plist; sourceTree = "<group>"; };
		0E5890FB1B3FB279000D205B /* CHCueable.h */ = {isa = PBXFileReference; fileEncoding = 4; lastKnownFileType = sourcecode.c.h; path = CHCueable.h; sourceTree = "<group>"; };
		0E5890FC1B3FB279000D205B /* CHEpisode.h */ = {isa = PBXFileReference; fileEncoding = 4; lastKnownFileType = sourcecode.c.h; path = CHEpisode.h; sourceTree = "<group>"; };
		0E5890FD1B3FB279000D205B /* CHEpisode.m */ = {isa = PBXFileReference; fileEncoding = 4; lastKnownFileType = sourcecode.c.objc; path = CHEpisode.m; sourceTree = "<group>"; };
		0E5890FE1B3FB279000D205B /* CHEvent.h */ = {isa = PBXFileReference; fileEncoding = 4; lastKnownFileType = sourcecode.c.h; path = CHEvent.h; sourceTree = "<group>"; };
		0E5890FF1B3FB279000D205B /* CHEvent.m */ = {isa = PBXFileReference; fileEncoding = 4; lastKnownFileType = sourcecode.c.objc; path = CHEvent.m; sourceTree = "<group>"; };
		0E5891001B3FB279000D205B /* CHMediaAsset.h */ = {isa = PBXFileReference; fileEncoding = 4; lastKnownFileType = sourcecode.c.h; path = CHMediaAsset.h; sourceTree = "<group>"; };
		0E5891011B3FB279000D205B /* CHParticipant.h */ = {isa = PBXFileReference; fileEncoding = 4; lastKnownFileType = sourcecode.c.h; path = CHParticipant.h; sourceTree = "<group>"; };
		0E5891021B3FB279000D205B /* CHParticipant.m */ = {isa = PBXFileReference; fileEncoding = 4; lastKnownFileType = sourcecode.c.objc; path = CHParticipant.m; sourceTree = "<group>"; };
		0E5891031B3FB279000D205B /* CHSession.h */ = {isa = PBXFileReference; fileEncoding = 4; lastKnownFileType = sourcecode.c.h; path = CHSession.h; sourceTree = "<group>"; };
		0E5891041B3FB279000D205B /* CHSession.m */ = {isa = PBXFileReference; fileEncoding = 4; lastKnownFileType = sourcecode.c.objc; path = CHSession.m; sourceTree = "<group>"; };
		0E5891051B3FB279000D205B /* CHSoundAsset.h */ = {isa = PBXFileReference; fileEncoding = 4; lastKnownFileType = sourcecode.c.h; path = CHSoundAsset.h; sourceTree = "<group>"; };
		0E5891061B3FB279000D205B /* CHSoundAsset.m */ = {isa = PBXFileReference; fileEncoding = 4; lastKnownFileType = sourcecode.c.objc; path = CHSoundAsset.m; sourceTree = "<group>"; };
		0E5891071B3FB279000D205B /* CHSoundCue.h */ = {isa = PBXFileReference; fileEncoding = 4; lastKnownFileType = sourcecode.c.h; path = CHSoundCue.h; sourceTree = "<group>"; };
		0E5891081B3FB279000D205B /* CHSoundCue.m */ = {isa = PBXFileReference; fileEncoding = 4; lastKnownFileType = sourcecode.c.objc; path = CHSoundCue.m; sourceTree = "<group>"; };
		0E5891091B3FB279000D205B /* CHTrigger.h */ = {isa = PBXFileReference; fileEncoding = 4; lastKnownFileType = sourcecode.c.h; path = CHTrigger.h; sourceTree = "<group>"; };
		0E58910A1B3FB279000D205B /* CHTrigger.m */ = {isa = PBXFileReference; fileEncoding = 4; lastKnownFileType = sourcecode.c.objc; path = CHTrigger.m; sourceTree = "<group>"; };
		0E58910B1B3FB279000D205B /* CHTypes.h */ = {isa = PBXFileReference; fileEncoding = 4; lastKnownFileType = sourcecode.c.h; path = CHTypes.h; sourceTree = "<group>"; };
		0E58910C1B3FB279000D205B /* Cohort.README */ = {isa = PBXFileReference; fileEncoding = 4; lastKnownFileType = text; path = Cohort.README; sourceTree = "<group>"; };
		0E58910E1B3FB279000D205B /* AEAudioUnitFilePlayer.h */ = {isa = PBXFileReference; fileEncoding = 4; lastKnownFileType = sourcecode.c.h; path = AEAudioUnitFilePlayer.h; sourceTree = "<group>"; };
		0E58910F1B3FB279000D205B /* AEAudioUnitFilePlayer.m */ = {isa = PBXFileReference; fileEncoding = 4; lastKnownFileType = sourcecode.c.objc; path = AEAudioUnitFilePlayer.m; sourceTree = "<group>"; };
		0E5891121B3FB279000D205B /* outline */ = {isa = PBXFileReference; fileEncoding = 4; lastKnownFileType = text; path = outline; sourceTree = "<group>"; };
		0E58911B1B3FB2AA000D205B /* CHEpisodeTest.m */ = {isa = PBXFileReference; fileEncoding = 4; lastKnownFileType = sourcecode.c.objc; path = CHEpisodeTest.m; sourceTree = "<group>"; };
		0E58911C1B3FB2AA000D205B /* CHEventTest.m */ = {isa = PBXFileReference; fileEncoding = 4; lastKnownFileType = sourcecode.c.objc; path = CHEventTest.m; sourceTree = "<group>"; };
		0E58911D1B3FB2AA000D205B /* CHParticipantTest.m */ = {isa = PBXFileReference; fileEncoding = 4; lastKnownFileType = sourcecode.c.objc; path = CHParticipantTest.m; sourceTree = "<group>"; };
		0E58911E1B3FB2AA000D205B /* CHSessionTest.m */ = {isa = PBXFileReference; fileEncoding = 4; lastKnownFileType = sourcecode.c.objc; path = CHSessionTest.m; sourceTree = "<group>"; };
		0E58911F1B3FB2AA000D205B /* CHSoundAssetTest.m */ = {isa = PBXFileReference; fileEncoding = 4; lastKnownFileType = sourcecode.c.objc; path = CHSoundAssetTest.m; sourceTree = "<group>"; };
		0E5891201B3FB2AA000D205B /* CHSoundCueTest.m */ = {isa = PBXFileReference; fileEncoding = 4; lastKnownFileType = sourcecode.c.objc; path = CHSoundCueTest.m; sourceTree = "<group>"; };
		0E5891211B3FB2AA000D205B /* CHTriggerTest.m */ = {isa = PBXFileReference; fileEncoding = 4; lastKnownFileType = sourcecode.c.objc; path = CHTriggerTest.m; sourceTree = "<group>"; };
		0E5891291B3FB2ED000D205B /* Cohort.h */ = {isa = PBXFileReference; fileEncoding = 4; lastKnownFileType = sourcecode.c.h; path = Cohort.h; sourceTree = "<group>"; };
		0E78D7A11B5047A500A7F955 /* testpattern-180.m4v */ = {isa = PBXFileReference; lastKnownFileType = file; name = "testpattern-180.m4v"; path = "CohortTests/media/testpattern-180.m4v"; sourceTree = SOURCE_ROOT; };
		0E78D7A21B5047A500A7F955 /* testpattern-360.m4v */ = {isa = PBXFileReference; lastKnownFileType = file; name = "testpattern-360.m4v"; path = "CohortTests/media/testpattern-360.m4v"; sourceTree = SOURCE_ROOT; };
		0E78D7A31B5047A500A7F955 /* testpattern-540.m4v */ = {isa = PBXFileReference; lastKnownFileType = file; name = "testpattern-540.m4v"; path = "CohortTests/media/testpattern-540.m4v"; sourceTree = SOURCE_ROOT; };
		0E78D7A41B5047A500A7F955 /* testpattern-1080.m4v */ = {isa = PBXFileReference; lastKnownFileType = file; name = "testpattern-1080.m4v"; path = "CohortTests/media/testpattern-1080.m4v"; sourceTree = SOURCE_ROOT; };
		0E78D7A91B50496400A7F955 /* CHVideoAsset.h */ = {isa = PBXFileReference; fileEncoding = 4; lastKnownFileType = sourcecode.c.h; path = CHVideoAsset.h; sourceTree = "<group>"; };
		0E78D7AA1B50496400A7F955 /* CHVideoAsset.m */ = {isa = PBXFileReference; fileEncoding = 4; lastKnownFileType = sourcecode.c.objc; path = CHVideoAsset.m; sourceTree = "<group>"; };
		0E78D7AE1B504ED500A7F955 /* CHVideoCue.h */ = {isa = PBXFileReference; fileEncoding = 4; lastKnownFileType = sourcecode.c.h; path = CHVideoCue.h; sourceTree = "<group>"; };
		0E78D7AF1B504ED500A7F955 /* CHVideoCue.m */ = {isa = PBXFileReference; fileEncoding = 4; lastKnownFileType = sourcecode.c.objc; path = CHVideoCue.m; sourceTree = "<group>"; };
		0E78D7B51B507D4100A7F955 /* CHVideoAssetTest.m */ = {isa = PBXFileReference; fileEncoding = 4; lastKnownFileType = sourcecode.c.objc; path = CHVideoAssetTest.m; sourceTree = "<group>"; };
		0E78D7B71B507DA800A7F955 /* CHVideoCueTest.m */ = {isa = PBXFileReference; fileEncoding = 4; lastKnownFileType = sourcecode.c.objc; path = CHVideoCueTest.m; sourceTree = "<group>"; };
		0E83AFF11B3FBD5200E4ABB0 /* clicktrack.m4a */ = {isa = PBXFileReference; lastKnownFileType = file; name = clicktrack.m4a; path = CohortTests/media/clicktrack.m4a; sourceTree = SOURCE_ROOT; };
		0EB4C7F91B3FB6B50097D78D /* Foundation.framework */ = {isa = PBXFileReference; lastKnownFileType = wrapper.framework; name = Foundation.framework; path = System/Library/Frameworks/Foundation.framework; sourceTree = SDKROOT; };
		0ECFA0B31B28C73C0052DDC7 /* Accelerate.framework */ = {isa = PBXFileReference; lastKnownFileType = wrapper.framework; name = Accelerate.framework; path = System/Library/Frameworks/Accelerate.framework; sourceTree = SDKROOT; };
		0ECFA0B51B28C7430052DDC7 /* AudioToolbox.framework */ = {isa = PBXFileReference; lastKnownFileType = wrapper.framework; name = AudioToolbox.framework; path = System/Library/Frameworks/AudioToolbox.framework; sourceTree = SDKROOT; };
		0ECFA0B71B28C74A0052DDC7 /* AVFoundation.framework */ = {isa = PBXFileReference; lastKnownFileType = wrapper.framework; name = AVFoundation.framework; path = System/Library/Frameworks/AVFoundation.framework; sourceTree = SDKROOT; };
		16F64D44EF69B478C6C547B8 /* Pods-Cohort.debug.xcconfig */ = {isa = PBXFileReference; includeInIndex = 1; lastKnownFileType = text.xcconfig; name = "Pods-Cohort.debug.xcconfig"; path = "Pods/Target Support Files/Pods-Cohort/Pods-Cohort.debug.xcconfig"; sourceTree = "<group>"; };
		9AAE0C2A6907A694B0BBC71E /* Pods-CohortTests.release.xcconfig */ = {isa = PBXFileReference; includeInIndex = 1; lastKnownFileType = text.xcconfig; name = "Pods-CohortTests.release.xcconfig"; path = "Pods/Target Support Files/Pods-CohortTests/Pods-CohortTests.release.xcconfig"; sourceTree = "<group>"; };
		9E8DA03C177D595CF0EA3742 /* libPods-CohortTests.a */ = {isa = PBXFileReference; explicitFileType = archive.ar; includeInIndex = 0; path = "libPods-CohortTests.a"; sourceTree = BUILT_PRODUCTS_DIR; };
		D6C01378DFCCA489351D56FB /* Pods-Cohort.release.xcconfig */ = {isa = PBXFileReference; includeInIndex = 1; lastKnownFileType = text.xcconfig; name = "Pods-Cohort.release.xcconfig"; path = "Pods/Target Support Files/Pods-Cohort/Pods-Cohort.release.xcconfig"; sourceTree = "<group>"; };
		F2C240D8EC6EF4280C42AEB9 /* libPods-Cohort.a */ = {isa = PBXFileReference; explicitFileType = archive.ar; includeInIndex = 0; path = "libPods-Cohort.a"; sourceTree = BUILT_PRODUCTS_DIR; };
		F3355AAF5B50AEF19BEC604C /* Pods-CohortTests.debug.xcconfig */ = {isa = PBXFileReference; includeInIndex = 1; lastKnownFileType = text.xcconfig; name = "Pods-CohortTests.debug.xcconfig"; path = "Pods/Target Support Files/Pods-CohortTests/Pods-CohortTests.debug.xcconfig"; sourceTree = "<group>"; };
/* End PBXFileReference section */

/* Begin PBXFrameworksBuildPhase section */
		0E5890E01B3FB22F000D205B /* Frameworks */ = {
			isa = PBXFrameworksBuildPhase;
			buildActionMask = 2147483647;
			files = (
			);
			runOnlyForDeploymentPostprocessing = 0;
		};
		0E5890EA1B3FB22F000D205B /* Frameworks */ = {
			isa = PBXFrameworksBuildPhase;
			buildActionMask = 2147483647;
			files = (
				0E5890EE1B3FB22F000D205B /* libCohort.a in Frameworks */,
				B3A7497C0F72F6CF01528062 /* libPods-CohortTests.a in Frameworks */,
			);
			runOnlyForDeploymentPostprocessing = 0;
		};
/* End PBXFrameworksBuildPhase section */

/* Begin PBXGroup section */
		0E5890E41B3FB22F000D205B /* Cohort */ = {
			isa = PBXGroup;
			children = (
				0E5891291B3FB2ED000D205B /* Cohort.h */,
				0E58910B1B3FB279000D205B /* CHTypes.h */,
				0E5890FB1B3FB279000D205B /* CHCueable.h */,
				0E5891001B3FB279000D205B /* CHMediaAsset.h */,
				0E5891031B3FB279000D205B /* CHSession.h */,
				0E5891041B3FB279000D205B /* CHSession.m */,
				0E5890FE1B3FB279000D205B /* CHEvent.h */,
				0E5890FF1B3FB279000D205B /* CHEvent.m */,
				0E5890FC1B3FB279000D205B /* CHEpisode.h */,
				0E5890FD1B3FB279000D205B /* CHEpisode.m */,
				0E5891071B3FB279000D205B /* CHSoundCue.h */,
				0E5891081B3FB279000D205B /* CHSoundCue.m */,
				0E78D7AE1B504ED500A7F955 /* CHVideoCue.h */,
				0E78D7AF1B504ED500A7F955 /* CHVideoCue.m */,
				0E3CD2D91B91081F0046C9B6 /* CHSoundSampleCue.h */,
				0E3CD2DA1B91081F0046C9B6 /* CHSoundSampleCue.m */,
				0E5891051B3FB279000D205B /* CHSoundAsset.h */,
				0E5891061B3FB279000D205B /* CHSoundAsset.m */,
				0E78D7A91B50496400A7F955 /* CHVideoAsset.h */,
				0E78D7AA1B50496400A7F955 /* CHVideoAsset.m */,
				0E5891091B3FB279000D205B /* CHTrigger.h */,
				0E58910A1B3FB279000D205B /* CHTrigger.m */,
				0E5891011B3FB279000D205B /* CHParticipant.h */,
				0E5891021B3FB279000D205B /* CHParticipant.m */,
				0E58910C1B3FB279000D205B /* Cohort.README */,
				0E58910D1B3FB279000D205B /* libs */,
				0E5891121B3FB279000D205B /* outline */,
			);
			path = Cohort;
			sourceTree = "<group>";
		};
		0E5890F11B3FB22F000D205B /* CohortTests */ = {
			isa = PBXGroup;
			children = (
				0E5890F21B3FB22F000D205B /* Supporting Files */,
				0E5891101B3FB279000D205B /* media */,
				0E5891211B3FB2AA000D205B /* CHTriggerTest.m */,
				0E78D7B51B507D4100A7F955 /* CHVideoAssetTest.m */,
				0E58911F1B3FB2AA000D205B /* CHSoundAssetTest.m */,
				0E78D7B71B507DA800A7F955 /* CHVideoCueTest.m */,
				0E5891201B3FB2AA000D205B /* CHSoundCueTest.m */,
				0E3CD2DC1B9108A60046C9B6 /* CHSoundSampleCueTest.m */,
				0E58911D1B3FB2AA000D205B /* CHParticipantTest.m */,
				0E58911C1B3FB2AA000D205B /* CHEventTest.m */,
				0E58911B1B3FB2AA000D205B /* CHEpisodeTest.m */,
				0E58911E1B3FB2AA000D205B /* CHSessionTest.m */,
			);
			path = CohortTests;
			sourceTree = "<group>";
		};
		0E5890F21B3FB22F000D205B /* Supporting Files */ = {
			isa = PBXGroup;
			children = (
				0E5890F31B3FB22F000D205B /* Info.plist */,
			);
			name = "Supporting Files";
			sourceTree = "<group>";
		};
		0E58910D1B3FB279000D205B /* libs */ = {
			isa = PBXGroup;
			children = (
				0E58910E1B3FB279000D205B /* AEAudioUnitFilePlayer.h */,
				0E58910F1B3FB279000D205B /* AEAudioUnitFilePlayer.m */,
			);
			path = libs;
			sourceTree = "<group>";
		};
		0E5891101B3FB279000D205B /* media */ = {
			isa = PBXGroup;
			children = (
				0E83AFF11B3FBD5200E4ABB0 /* clicktrack.m4a */,
				0E78D7A11B5047A500A7F955 /* testpattern-180.m4v */,
				0E78D7A21B5047A500A7F955 /* testpattern-360.m4v */,
				0E78D7A31B5047A500A7F955 /* testpattern-540.m4v */,
				0E78D7A41B5047A500A7F955 /* testpattern-1080.m4v */,
			);
			name = media;
			path = ../Cohort/media;
			sourceTree = "<group>";
		};
		0ED7E6DC1B262CE800ABE472 = {
			isa = PBXGroup;
			children = (
				0E5890E41B3FB22F000D205B /* Cohort */,
				0E5890F11B3FB22F000D205B /* CohortTests */,
				0ED7E6E61B262CE800ABE472 /* Products */,
				35F8C0BEF7329004DF60D094 /* Pods */,
				2123114B5BFB363FE04B2E21 /* Frameworks */,
			);
			sourceTree = "<group>";
		};
		0ED7E6E61B262CE800ABE472 /* Products */ = {
			isa = PBXGroup;
			children = (
				0E5890E31B3FB22F000D205B /* libCohort.a */,
				0E5890ED1B3FB22F000D205B /* CohortTests.xctest */,
			);
			name = Products;
			sourceTree = "<group>";
		};
		2123114B5BFB363FE04B2E21 /* Frameworks */ = {
			isa = PBXGroup;
			children = (
				0EB4C7F91B3FB6B50097D78D /* Foundation.framework */,
				0ECFA0B71B28C74A0052DDC7 /* AVFoundation.framework */,
				0ECFA0B51B28C7430052DDC7 /* AudioToolbox.framework */,
				0ECFA0B31B28C73C0052DDC7 /* Accelerate.framework */,
				F2C240D8EC6EF4280C42AEB9 /* libPods-Cohort.a */,
				9E8DA03C177D595CF0EA3742 /* libPods-CohortTests.a */,
			);
			name = Frameworks;
			sourceTree = "<group>";
		};
		35F8C0BEF7329004DF60D094 /* Pods */ = {
			isa = PBXGroup;
			children = (
				16F64D44EF69B478C6C547B8 /* Pods-Cohort.debug.xcconfig */,
				D6C01378DFCCA489351D56FB /* Pods-Cohort.release.xcconfig */,
				F3355AAF5B50AEF19BEC604C /* Pods-CohortTests.debug.xcconfig */,
				9AAE0C2A6907A694B0BBC71E /* Pods-CohortTests.release.xcconfig */,
			);
			name = Pods;
			sourceTree = "<group>";
		};
/* End PBXGroup section */

/* Begin PBXNativeTarget section */
		0E5890E21B3FB22F000D205B /* Cohort */ = {
			isa = PBXNativeTarget;
			buildConfigurationList = 0E5890F41B3FB22F000D205B /* Build configuration list for PBXNativeTarget "Cohort" */;
			buildPhases = (
				B299D3791A350BCB4D22C232 /* Check Pods Manifest.lock */,
				0E5890DF1B3FB22F000D205B /* Sources */,
				0E5890E01B3FB22F000D205B /* Frameworks */,
				0E5890E11B3FB22F000D205B /* CopyFiles */,
				EDB7373014C5420EE907A790 /* Copy Pods Resources */,
				0E83AFF31B3FC31600E4ABB0 /* CopyFiles */,
			);
			buildRules = (
			);
			dependencies = (
			);
			name = Cohort;
			productName = Cohort;
			productReference = 0E5890E31B3FB22F000D205B /* libCohort.a */;
			productType = "com.apple.product-type.library.static";
		};
		0E5890EC1B3FB22F000D205B /* CohortTests */ = {
			isa = PBXNativeTarget;
			buildConfigurationList = 0E5890F71B3FB22F000D205B /* Build configuration list for PBXNativeTarget "CohortTests" */;
			buildPhases = (
				ECDDD8609B131225C4069873 /* Check Pods Manifest.lock */,
				0E5890E91B3FB22F000D205B /* Sources */,
				0E5890EA1B3FB22F000D205B /* Frameworks */,
				0E5890EB1B3FB22F000D205B /* Resources */,
				D736FEDD7949481354DD3E52 /* Copy Pods Resources */,
			);
			buildRules = (
			);
			dependencies = (
				0E5890F01B3FB22F000D205B /* PBXTargetDependency */,
			);
			name = CohortTests;
			productName = CohortTests;
			productReference = 0E5890ED1B3FB22F000D205B /* CohortTests.xctest */;
			productType = "com.apple.product-type.bundle.unit-test";
		};
/* End PBXNativeTarget section */

/* Begin PBXProject section */
		0ED7E6DD1B262CE800ABE472 /* Project object */ = {
			isa = PBXProject;
			attributes = {
				LastUpgradeCheck = 0630;
				ORGANIZATIONNAME = "Jacob Niedzwiecki";
				TargetAttributes = {
					0E5890E21B3FB22F000D205B = {
						CreatedOnToolsVersion = 6.3.1;
					};
					0E5890EC1B3FB22F000D205B = {
						CreatedOnToolsVersion = 6.3.1;
					};
					0E83AFF51B3FC5C800E4ABB0 = {
						CreatedOnToolsVersion = 6.3.1;
					};
				};
			};
			buildConfigurationList = 0ED7E6E01B262CE800ABE472 /* Build configuration list for PBXProject "Cohort" */;
			compatibilityVersion = "Xcode 3.2";
			developmentRegion = English;
			hasScannedForEncodings = 0;
			knownRegions = (
				en,
				Base,
			);
			mainGroup = 0ED7E6DC1B262CE800ABE472;
			productRefGroup = 0ED7E6E61B262CE800ABE472 /* Products */;
			projectDirPath = "";
			projectRoot = "";
			targets = (
				0E5890E21B3FB22F000D205B /* Cohort */,
				0E5890EC1B3FB22F000D205B /* CohortTests */,
				0E83AFF51B3FC5C800E4ABB0 /* UniversalLib */,
			);
		};
/* End PBXProject section */

/* Begin PBXResourcesBuildPhase section */
		0E5890EB1B3FB22F000D205B /* Resources */ = {
			isa = PBXResourcesBuildPhase;
			buildActionMask = 2147483647;
			files = (
				0E78D7A71B5047A500A7F955 /* testpattern-540.m4v in Resources */,
				0E78D7A51B5047A500A7F955 /* testpattern-180.m4v in Resources */,
				0E78D7A61B5047A500A7F955 /* testpattern-360.m4v in Resources */,
				0E83AFF21B3FBD5200E4ABB0 /* clicktrack.m4a in Resources */,
				0E78D7A81B5047A500A7F955 /* testpattern-1080.m4v in Resources */,
			);
			runOnlyForDeploymentPostprocessing = 0;
		};
/* End PBXResourcesBuildPhase section */

/* Begin PBXShellScriptBuildPhase section */
		0E83AFF91B3FC5DC00E4ABB0 /* ShellScript */ = {
			isa = PBXShellScriptBuildPhase;
			buildActionMask = 2147483647;
			files = (
			);
			inputPaths = (
			);
			outputPaths = (
			);
			runOnlyForDeploymentPostprocessing = 0;
			shellPath = /bin/sh;
			shellScript = "# define output folder environment variable\nUNIVERSAL_OUTPUTFOLDER=${BUILD_DIR}/${CONFIGURATION}-universal\n\n# Step 1. Build Device and Simulator versions\nxcodebuild -target Cohort ONLY_ACTIVE_ARCH=NO -configuration ${CONFIGURATION} -sdk iphoneos  BUILD_DIR=\"${BUILD_DIR}\" BUILD_ROOT=\"${BUILD_ROOT}\"\nxcodebuild -target Cohort -configuration ${CONFIGURATION} -sdk iphonesimulator ARCHS=\"i386 x86_64\" BUILD_DIR=\"${BUILD_DIR}\" BUILD_ROOT=\"${BUILD_ROOT}\"\n\n# make sure the output directory exists\nmkdir -p \"${UNIVERSAL_OUTPUTFOLDER}\"\n\n# Step 2. Create universal binary file using lipo\nlipo -create -output \"${UNIVERSAL_OUTPUTFOLDER}/lib${PROJECT_NAME}.a\" \"${BUILD_DIR}/${CONFIGURATION}-iphoneos/lib${PROJECT_NAME}.a\" \"${BUILD_DIR}/${CONFIGURATION}-iphonesimulator/lib${PROJECT_NAME}.a\"\n\n# Last touch. copy the header files. Just for convenience\ncp -R \"${BUILD_DIR}/${CONFIGURATION}-iphoneos/include\" \"${UNIVERSAL_OUTPUTFOLDER}/\"";
		};
		B299D3791A350BCB4D22C232 /* Check Pods Manifest.lock */ = {
			isa = PBXShellScriptBuildPhase;
			buildActionMask = 2147483647;
			files = (
			);
			inputPaths = (
			);
			name = "Check Pods Manifest.lock";
			outputPaths = (
			);
			runOnlyForDeploymentPostprocessing = 0;
			shellPath = /bin/sh;
			shellScript = "diff \"${PODS_ROOT}/../Podfile.lock\" \"${PODS_ROOT}/Manifest.lock\" > /dev/null\nif [[ $? != 0 ]] ; then\n    cat << EOM\nerror: The sandbox is not in sync with the Podfile.lock. Run 'pod install' or update your CocoaPods installation.\nEOM\n    exit 1\nfi\n";
			showEnvVarsInLog = 0;
		};
		D736FEDD7949481354DD3E52 /* Copy Pods Resources */ = {
			isa = PBXShellScriptBuildPhase;
			buildActionMask = 2147483647;
			files = (
			);
			inputPaths = (
			);
			name = "Copy Pods Resources";
			outputPaths = (
			);
			runOnlyForDeploymentPostprocessing = 0;
			shellPath = /bin/sh;
			shellScript = "\"${SRCROOT}/Pods/Target Support Files/Pods-CohortTests/Pods-CohortTests-resources.sh\"\n";
			showEnvVarsInLog = 0;
		};
		ECDDD8609B131225C4069873 /* Check Pods Manifest.lock */ = {
			isa = PBXShellScriptBuildPhase;
			buildActionMask = 2147483647;
			files = (
			);
			inputPaths = (
			);
			name = "Check Pods Manifest.lock";
			outputPaths = (
			);
			runOnlyForDeploymentPostprocessing = 0;
			shellPath = /bin/sh;
			shellScript = "diff \"${PODS_ROOT}/../Podfile.lock\" \"${PODS_ROOT}/Manifest.lock\" > /dev/null\nif [[ $? != 0 ]] ; then\n    cat << EOM\nerror: The sandbox is not in sync with the Podfile.lock. Run 'pod install' or update your CocoaPods installation.\nEOM\n    exit 1\nfi\n";
			showEnvVarsInLog = 0;
		};
		EDB7373014C5420EE907A790 /* Copy Pods Resources */ = {
			isa = PBXShellScriptBuildPhase;
			buildActionMask = 2147483647;
			files = (
			);
			inputPaths = (
			);
			name = "Copy Pods Resources";
			outputPaths = (
			);
			runOnlyForDeploymentPostprocessing = 0;
			shellPath = /bin/sh;
			shellScript = "\"${SRCROOT}/Pods/Target Support Files/Pods-Cohort/Pods-Cohort-resources.sh\"\n";
			showEnvVarsInLog = 0;
		};
/* End PBXShellScriptBuildPhase section */

/* Begin PBXSourcesBuildPhase section */
		0E5890DF1B3FB22F000D205B /* Sources */ = {
			isa = PBXSourcesBuildPhase;
			buildActionMask = 2147483647;
			files = (
				0E5891131B3FB279000D205B /* CHEpisode.m in Sources */,
				0E5891161B3FB279000D205B /* CHSession.m in Sources */,
				0E3CD2DB1B91081F0046C9B6 /* CHSoundSampleCue.m in Sources */,
				0E78D7B01B504ED500A7F955 /* CHVideoCue.m in Sources */,
				0E5891181B3FB279000D205B /* CHSoundCue.m in Sources */,
				0E5891191B3FB279000D205B /* CHTrigger.m in Sources */,
				0E5891151B3FB279000D205B /* CHParticipant.m in Sources */,
				0E5891171B3FB279000D205B /* CHSoundAsset.m in Sources */,
				0E5891141B3FB279000D205B /* CHEvent.m in Sources */,
				0E78D7AB1B50496400A7F955 /* CHVideoAsset.m in Sources */,
				0E58911A1B3FB279000D205B /* AEAudioUnitFilePlayer.m in Sources */,
			);
			runOnlyForDeploymentPostprocessing = 0;
		};
		0E5890E91B3FB22F000D205B /* Sources */ = {
			isa = PBXSourcesBuildPhase;
			buildActionMask = 2147483647;
			files = (
				0E5891221B3FB2AA000D205B /* CHEpisodeTest.m in Sources */,
				0E5891251B3FB2AA000D205B /* CHSessionTest.m in Sources */,
				0E3CD2DD1B9108A60046C9B6 /* CHSoundSampleCueTest.m in Sources */,
				0E5891271B3FB2AA000D205B /* CHSoundCueTest.m in Sources */,
				0E5891231B3FB2AA000D205B /* CHEventTest.m in Sources */,
				0E5891241B3FB2AA000D205B /* CHParticipantTest.m in Sources */,
				0E5891281B3FB2AA000D205B /* CHTriggerTest.m in Sources */,
				0E5891261B3FB2AA000D205B /* CHSoundAssetTest.m in Sources */,
				0E78D7B61B507D4100A7F955 /* CHVideoAssetTest.m in Sources */,
				0E78D7B81B507DA800A7F955 /* CHVideoCueTest.m in Sources */,
			);
			runOnlyForDeploymentPostprocessing = 0;
		};
/* End PBXSourcesBuildPhase section */

/* Begin PBXTargetDependency section */
		0E5890F01B3FB22F000D205B /* PBXTargetDependency */ = {
			isa = PBXTargetDependency;
			target = 0E5890E21B3FB22F000D205B /* Cohort */;
			targetProxy = 0E5890EF1B3FB22F000D205B /* PBXContainerItemProxy */;
		};
/* End PBXTargetDependency section */

/* Begin XCBuildConfiguration section */
		0E5890F51B3FB22F000D205B /* Debug */ = {
			isa = XCBuildConfiguration;
			baseConfigurationReference = 16F64D44EF69B478C6C547B8 /* Pods-Cohort.debug.xcconfig */;
			buildSettings = {
				GCC_PREPROCESSOR_DEFINITIONS = (
					"DEBUG=1",
					"$(inherited)",
				);
				OTHER_LDFLAGS = "";
				PRODUCT_NAME = "$(TARGET_NAME)";
				SKIP_INSTALL = YES;
			};
			name = Debug;
		};
		0E5890F61B3FB22F000D205B /* Release */ = {
			isa = XCBuildConfiguration;
			baseConfigurationReference = D6C01378DFCCA489351D56FB /* Pods-Cohort.release.xcconfig */;
			buildSettings = {
				OTHER_LDFLAGS = "";
				PRODUCT_NAME = "$(TARGET_NAME)";
				SKIP_INSTALL = YES;
			};
			name = Release;
		};
		0E5890F81B3FB22F000D205B /* Debug */ = {
			isa = XCBuildConfiguration;
			baseConfigurationReference = F3355AAF5B50AEF19BEC604C /* Pods-CohortTests.debug.xcconfig */;
			buildSettings = {
				FRAMEWORK_SEARCH_PATHS = (
					"$(SDKROOT)/Developer/Library/Frameworks",
					"$(inherited)",
				);
				GCC_PREPROCESSOR_DEFINITIONS = (
					"DEBUG=1",
					"$(inherited)",
				);
				INFOPLIST_FILE = CohortTests/Info.plist;
				LD_RUNPATH_SEARCH_PATHS = "$(inherited) @executable_path/Frameworks @loader_path/Frameworks";
				PRODUCT_NAME = "$(TARGET_NAME)";
			};
			name = Debug;
		};
		0E5890F91B3FB22F000D205B /* Release */ = {
			isa = XCBuildConfiguration;
			baseConfigurationReference = 9AAE0C2A6907A694B0BBC71E /* Pods-CohortTests.release.xcconfig */;
			buildSettings = {
				FRAMEWORK_SEARCH_PATHS = (
					"$(SDKROOT)/Developer/Library/Frameworks",
					"$(inherited)",
				);
				INFOPLIST_FILE = CohortTests/Info.plist;
				LD_RUNPATH_SEARCH_PATHS = "$(inherited) @executable_path/Frameworks @loader_path/Frameworks";
				PRODUCT_NAME = "$(TARGET_NAME)";
			};
			name = Release;
		};
		0E83AFF61B3FC5C800E4ABB0 /* Debug */ = {
			isa = XCBuildConfiguration;
			buildSettings = {
				PRODUCT_NAME = "$(TARGET_NAME)";
			};
			name = Debug;
		};
		0E83AFF71B3FC5C800E4ABB0 /* Release */ = {
			isa = XCBuildConfiguration;
			buildSettings = {
				PRODUCT_NAME = "$(TARGET_NAME)";
			};
			name = Release;
		};
		0ED7E7061B262CE800ABE472 /* Debug */ = {
			isa = XCBuildConfiguration;
			buildSettings = {
				ALWAYS_SEARCH_USER_PATHS = NO;
				CLANG_CXX_LANGUAGE_STANDARD = "gnu++0x";
				CLANG_CXX_LIBRARY = "libc++";
				CLANG_ENABLE_MODULES = YES;
				CLANG_ENABLE_OBJC_ARC = YES;
				CLANG_WARN_BOOL_CONVERSION = YES;
				CLANG_WARN_CONSTANT_CONVERSION = YES;
				CLANG_WARN_DIRECT_OBJC_ISA_USAGE = YES_ERROR;
				CLANG_WARN_EMPTY_BODY = YES;
				CLANG_WARN_ENUM_CONVERSION = YES;
				CLANG_WARN_INT_CONVERSION = YES;
				CLANG_WARN_OBJC_ROOT_CLASS = YES_ERROR;
				CLANG_WARN_UNREACHABLE_CODE = YES;
				CLANG_WARN__DUPLICATE_METHOD_MATCH = YES;
				"CODE_SIGN_IDENTITY[sdk=iphoneos*]" = "iPhone Developer";
				COPY_PHASE_STRIP = NO;
				DEBUG_INFORMATION_FORMAT = "dwarf-with-dsym";
				ENABLE_STRICT_OBJC_MSGSEND = YES;
				GCC_C_LANGUAGE_STANDARD = gnu99;
				GCC_DYNAMIC_NO_PIC = NO;
				GCC_NO_COMMON_BLOCKS = YES;
				GCC_OPTIMIZATION_LEVEL = 0;
				GCC_PREPROCESSOR_DEFINITIONS = (
					"DEBUG=1",
					"$(inherited)",
				);
				GCC_SYMBOLS_PRIVATE_EXTERN = NO;
				GCC_WARN_64_TO_32_BIT_CONVERSION = YES;
				GCC_WARN_ABOUT_RETURN_TYPE = YES_ERROR;
				GCC_WARN_UNDECLARED_SELECTOR = YES;
				GCC_WARN_UNINITIALIZED_AUTOS = YES_AGGRESSIVE;
				GCC_WARN_UNUSED_FUNCTION = YES;
				GCC_WARN_UNUSED_VARIABLE = YES;
				IPHONEOS_DEPLOYMENT_TARGET = 7.0;
				MTL_ENABLE_DEBUG_INFO = YES;
				ONLY_ACTIVE_ARCH = YES;
				SDKROOT = iphoneos;
				TARGETED_DEVICE_FAMILY = "1,2";
			};
			name = Debug;
		};
		0ED7E7071B262CE800ABE472 /* Release */ = {
			isa = XCBuildConfiguration;
			buildSettings = {
				ALWAYS_SEARCH_USER_PATHS = NO;
				CLANG_CXX_LANGUAGE_STANDARD = "gnu++0x";
				CLANG_CXX_LIBRARY = "libc++";
				CLANG_ENABLE_MODULES = YES;
				CLANG_ENABLE_OBJC_ARC = YES;
				CLANG_WARN_BOOL_CONVERSION = YES;
				CLANG_WARN_CONSTANT_CONVERSION = YES;
				CLANG_WARN_DIRECT_OBJC_ISA_USAGE = YES_ERROR;
				CLANG_WARN_EMPTY_BODY = YES;
				CLANG_WARN_ENUM_CONVERSION = YES;
				CLANG_WARN_INT_CONVERSION = YES;
				CLANG_WARN_OBJC_ROOT_CLASS = YES_ERROR;
				CLANG_WARN_UNREACHABLE_CODE = YES;
				CLANG_WARN__DUPLICATE_METHOD_MATCH = YES;
				"CODE_SIGN_IDENTITY[sdk=iphoneos*]" = "iPhone Developer";
				COPY_PHASE_STRIP = NO;
				DEBUG_INFORMATION_FORMAT = "dwarf-with-dsym";
				ENABLE_NS_ASSERTIONS = NO;
				ENABLE_STRICT_OBJC_MSGSEND = YES;
				GCC_C_LANGUAGE_STANDARD = gnu99;
				GCC_NO_COMMON_BLOCKS = YES;
				GCC_WARN_64_TO_32_BIT_CONVERSION = YES;
				GCC_WARN_ABOUT_RETURN_TYPE = YES_ERROR;
				GCC_WARN_UNDECLARED_SELECTOR = YES;
				GCC_WARN_UNINITIALIZED_AUTOS = YES_AGGRESSIVE;
				GCC_WARN_UNUSED_FUNCTION = YES;
				GCC_WARN_UNUSED_VARIABLE = YES;
				IPHONEOS_DEPLOYMENT_TARGET = 7.0;
				MTL_ENABLE_DEBUG_INFO = NO;
				SDKROOT = iphoneos;
				TARGETED_DEVICE_FAMILY = "1,2";
				VALIDATE_PRODUCT = YES;
			};
			name = Release;
		};
/* End XCBuildConfiguration section */

/* Begin XCConfigurationList section */
		0E5890F41B3FB22F000D205B /* Build configuration list for PBXNativeTarget "Cohort" */ = {
			isa = XCConfigurationList;
			buildConfigurations = (
				0E5890F51B3FB22F000D205B /* Debug */,
				0E5890F61B3FB22F000D205B /* Release */,
			);
			defaultConfigurationIsVisible = 0;
			defaultConfigurationName = Release;
		};
		0E5890F71B3FB22F000D205B /* Build configuration list for PBXNativeTarget "CohortTests" */ = {
			isa = XCConfigurationList;
			buildConfigurations = (
				0E5890F81B3FB22F000D205B /* Debug */,
				0E5890F91B3FB22F000D205B /* Release */,
			);
			defaultConfigurationIsVisible = 0;
			defaultConfigurationName = Release;
		};
		0E83AFF81B3FC5C800E4ABB0 /* Build configuration list for PBXAggregateTarget "UniversalLib" */ = {
			isa = XCConfigurationList;
			buildConfigurations = (
				0E83AFF61B3FC5C800E4ABB0 /* Debug */,
				0E83AFF71B3FC5C800E4ABB0 /* Release */,
			);
			defaultConfigurationIsVisible = 0;
			defaultConfigurationName = Release;
		};
		0ED7E6E01B262CE800ABE472 /* Build configuration list for PBXProject "Cohort" */ = {
			isa = XCConfigurationList;
			buildConfigurations = (
				0ED7E7061B262CE800ABE472 /* Debug */,
				0ED7E7071B262CE800ABE472 /* Release */,
			);
			defaultConfigurationIsVisible = 0;
			defaultConfigurationName = Release;
		};
/* End XCConfigurationList section */
	};
	rootObject = 0ED7E6DD1B262CE800ABE472 /* Project object */;
}
