// !$*UTF8*$!
{
	archiveVersion = 1;
	classes = {
	};
	objectVersion = 46;
	objects = {

/* Begin PBXBuildFile section */
		0ECFA0BA1B292A0A0052DDC7 /* CHSoundCueTest.m in Sources */ = {isa = PBXBuildFile; fileRef = 0ECFA0B91B292A0A0052DDC7 /* CHSoundCueTest.m */; };
		0ECFA0C61B293F840052DDC7 /* outline in Resources */ = {isa = PBXBuildFile; fileRef = 0ECFA0C51B293F840052DDC7 /* outline */; };
		0ECFA0CC1B2940400052DDC7 /* CHSoundCue.m in Sources */ = {isa = PBXBuildFile; fileRef = 0ECFA0CB1B2940400052DDC7 /* CHSoundCue.m */; };
		0ECFA0CE1B2B2AB90052DDC7 /* clicktrack.m4a in Resources */ = {isa = PBXBuildFile; fileRef = 0ECFA0CD1B2B2AB90052DDC7 /* clicktrack.m4a */; };
		0ECFA0D41B2B431F0052DDC7 /* AEAudioUnitFilePlayer.m in Sources */ = {isa = PBXBuildFile; fileRef = 0ECFA0D31B2B431F0052DDC7 /* AEAudioUnitFilePlayer.m */; };
		0ED7E6EB1B262CE800ABE472 /* main.m in Sources */ = {isa = PBXBuildFile; fileRef = 0ED7E6EA1B262CE800ABE472 /* main.m */; };
		0ED7E6EE1B262CE800ABE472 /* AppDelegate.m in Sources */ = {isa = PBXBuildFile; fileRef = 0ED7E6ED1B262CE800ABE472 /* AppDelegate.m */; };
		0ED7E6F11B262CE800ABE472 /* ViewController.m in Sources */ = {isa = PBXBuildFile; fileRef = 0ED7E6F01B262CE800ABE472 /* ViewController.m */; };
		0ED7E6F41B262CE800ABE472 /* Main.storyboard in Resources */ = {isa = PBXBuildFile; fileRef = 0ED7E6F21B262CE800ABE472 /* Main.storyboard */; };
		0ED7E6F61B262CE800ABE472 /* Images.xcassets in Resources */ = {isa = PBXBuildFile; fileRef = 0ED7E6F51B262CE800ABE472 /* Images.xcassets */; };
		0ED7E6F91B262CE800ABE472 /* LaunchScreen.xib in Resources */ = {isa = PBXBuildFile; fileRef = 0ED7E6F71B262CE800ABE472 /* LaunchScreen.xib */; };
		0ED7E71E1B273BA900ABE472 /* CHSoundAsset.m in Sources */ = {isa = PBXBuildFile; fileRef = 0ED7E71D1B273BA900ABE472 /* CHSoundAsset.m */; };
		0ED7E71F1B273BA900ABE472 /* CHSoundAsset.m in Sources */ = {isa = PBXBuildFile; fileRef = 0ED7E71D1B273BA900ABE472 /* CHSoundAsset.m */; };
		0ED7E7211B273BC500ABE472 /* CHSoundAssetTest.m in Sources */ = {isa = PBXBuildFile; fileRef = 0ED7E7201B273BC500ABE472 /* CHSoundAssetTest.m */; };
		0ED7E7241B288F0C00ABE472 /* CHSession.m in Sources */ = {isa = PBXBuildFile; fileRef = 0ED7E7231B288F0C00ABE472 /* CHSession.m */; };
		0ED7E7251B288F0C00ABE472 /* CHSession.m in Sources */ = {isa = PBXBuildFile; fileRef = 0ED7E7231B288F0C00ABE472 /* CHSession.m */; };
		0ED7E7271B288F2B00ABE472 /* CHSessionTest.m in Sources */ = {isa = PBXBuildFile; fileRef = 0ED7E7261B288F2B00ABE472 /* CHSessionTest.m */; };
		0ED7E72C1B28C20D00ABE472 /* Cohort.README in Resources */ = {isa = PBXBuildFile; fileRef = 0ED7E72B1B28C20D00ABE472 /* Cohort.README */; };
		0ED7E72D1B28C20D00ABE472 /* Cohort.README in Resources */ = {isa = PBXBuildFile; fileRef = 0ED7E72B1B28C20D00ABE472 /* Cohort.README */; };
		11D40BEB568CEAC9A59C0293 /* libPods-Cohort.a in Frameworks */ = {isa = PBXBuildFile; fileRef = F2C240D8EC6EF4280C42AEB9 /* libPods-Cohort.a */; };
		54F389605F0BA944B6E766E7 /* libPods-CohortTests.a in Frameworks */ = {isa = PBXBuildFile; fileRef = 9E8DA03C177D595CF0EA3742 /* libPods-CohortTests.a */; };
/* End PBXBuildFile section */

/* Begin PBXContainerItemProxy section */
		0ED7E6FF1B262CE800ABE472 /* PBXContainerItemProxy */ = {
			isa = PBXContainerItemProxy;
			containerPortal = 0ED7E6DD1B262CE800ABE472 /* Project object */;
			proxyType = 1;
			remoteGlobalIDString = 0ED7E6E41B262CE800ABE472;
			remoteInfo = Cohort;
		};
/* End PBXContainerItemProxy section */

/* Begin PBXFileReference section */
		0E66A6951B2E733A00E8E010 /* Cohort.h */ = {isa = PBXFileReference; lastKnownFileType = sourcecode.c.h; name = Cohort.h; path = CohortModel/Cohort.h; sourceTree = "<group>"; };
		0ECFA0B31B28C73C0052DDC7 /* Accelerate.framework */ = {isa = PBXFileReference; lastKnownFileType = wrapper.framework; name = Accelerate.framework; path = System/Library/Frameworks/Accelerate.framework; sourceTree = SDKROOT; };
		0ECFA0B51B28C7430052DDC7 /* AudioToolbox.framework */ = {isa = PBXFileReference; lastKnownFileType = wrapper.framework; name = AudioToolbox.framework; path = System/Library/Frameworks/AudioToolbox.framework; sourceTree = SDKROOT; };
		0ECFA0B71B28C74A0052DDC7 /* AVFoundation.framework */ = {isa = PBXFileReference; lastKnownFileType = wrapper.framework; name = AVFoundation.framework; path = System/Library/Frameworks/AVFoundation.framework; sourceTree = SDKROOT; };
		0ECFA0B91B292A0A0052DDC7 /* CHSoundCueTest.m */ = {isa = PBXFileReference; fileEncoding = 4; lastKnownFileType = sourcecode.c.objc; path = CHSoundCueTest.m; sourceTree = "<group>"; };
		0ECFA0C51B293F840052DDC7 /* outline */ = {isa = PBXFileReference; fileEncoding = 4; lastKnownFileType = text; name = outline; path = CohortModel/outline; sourceTree = "<group>"; };
		0ECFA0CA1B2940400052DDC7 /* CHSoundCue.h */ = {isa = PBXFileReference; fileEncoding = 4; lastKnownFileType = sourcecode.c.h; name = CHSoundCue.h; path = CohortModel/CHSoundCue.h; sourceTree = "<group>"; };
		0ECFA0CB1B2940400052DDC7 /* CHSoundCue.m */ = {isa = PBXFileReference; fileEncoding = 4; lastKnownFileType = sourcecode.c.objc; name = CHSoundCue.m; path = CohortModel/CHSoundCue.m; sourceTree = "<group>"; };
		0ECFA0CD1B2B2AB90052DDC7 /* clicktrack.m4a */ = {isa = PBXFileReference; lastKnownFileType = file; name = clicktrack.m4a; path = CohortModel/media/clicktrack.m4a; sourceTree = "<group>"; };
		0ECFA0D21B2B431F0052DDC7 /* AEAudioUnitFilePlayer.h */ = {isa = PBXFileReference; fileEncoding = 4; lastKnownFileType = sourcecode.c.h; path = AEAudioUnitFilePlayer.h; sourceTree = "<group>"; };
		0ECFA0D31B2B431F0052DDC7 /* AEAudioUnitFilePlayer.m */ = {isa = PBXFileReference; fileEncoding = 4; lastKnownFileType = sourcecode.c.objc; path = AEAudioUnitFilePlayer.m; sourceTree = "<group>"; };
		0ED7E6E51B262CE800ABE472 /* Cohort.app */ = {isa = PBXFileReference; explicitFileType = wrapper.application; includeInIndex = 0; path = Cohort.app; sourceTree = BUILT_PRODUCTS_DIR; };
		0ED7E6E91B262CE800ABE472 /* Info.plist */ = {isa = PBXFileReference; lastKnownFileType = text.plist.xml; path = Info.plist; sourceTree = "<group>"; };
		0ED7E6EA1B262CE800ABE472 /* main.m */ = {isa = PBXFileReference; lastKnownFileType = sourcecode.c.objc; path = main.m; sourceTree = "<group>"; };
		0ED7E6EC1B262CE800ABE472 /* AppDelegate.h */ = {isa = PBXFileReference; lastKnownFileType = sourcecode.c.h; path = AppDelegate.h; sourceTree = "<group>"; };
		0ED7E6ED1B262CE800ABE472 /* AppDelegate.m */ = {isa = PBXFileReference; lastKnownFileType = sourcecode.c.objc; path = AppDelegate.m; sourceTree = "<group>"; };
		0ED7E6EF1B262CE800ABE472 /* ViewController.h */ = {isa = PBXFileReference; lastKnownFileType = sourcecode.c.h; path = ViewController.h; sourceTree = "<group>"; };
		0ED7E6F01B262CE800ABE472 /* ViewController.m */ = {isa = PBXFileReference; lastKnownFileType = sourcecode.c.objc; path = ViewController.m; sourceTree = "<group>"; };
		0ED7E6F31B262CE800ABE472 /* Base */ = {isa = PBXFileReference; lastKnownFileType = file.storyboard; name = Base; path = Base.lproj/Main.storyboard; sourceTree = "<group>"; };
		0ED7E6F51B262CE800ABE472 /* Images.xcassets */ = {isa = PBXFileReference; lastKnownFileType = folder.assetcatalog; path = Images.xcassets; sourceTree = "<group>"; };
		0ED7E6F81B262CE800ABE472 /* Base */ = {isa = PBXFileReference; lastKnownFileType = file.xib; name = Base; path = Base.lproj/LaunchScreen.xib; sourceTree = "<group>"; };
		0ED7E6FE1B262CE800ABE472 /* CohortTests.xctest */ = {isa = PBXFileReference; explicitFileType = wrapper.cfbundle; includeInIndex = 0; path = CohortTests.xctest; sourceTree = BUILT_PRODUCTS_DIR; };
		0ED7E7031B262CE800ABE472 /* Info.plist */ = {isa = PBXFileReference; lastKnownFileType = text.plist.xml; path = Info.plist; sourceTree = "<group>"; };
		0ED7E7111B2635DD00ABE472 /* CHCueing.h */ = {isa = PBXFileReference; fileEncoding = 4; lastKnownFileType = sourcecode.c.h; name = CHCueing.h; path = CohortModel/CHCueing.h; sourceTree = "<group>"; };
		0ED7E7151B27384100ABE472 /* CHMediaAsset.h */ = {isa = PBXFileReference; fileEncoding = 4; lastKnownFileType = sourcecode.c.h; name = CHMediaAsset.h; path = Cohort/CohortModel/CHMediaAsset.h; sourceTree = SOURCE_ROOT; };
		0ED7E71C1B273BA900ABE472 /* CHSoundAsset.h */ = {isa = PBXFileReference; fileEncoding = 4; lastKnownFileType = sourcecode.c.h; name = CHSoundAsset.h; path = Cohort/CohortModel/CHSoundAsset.h; sourceTree = SOURCE_ROOT; };
		0ED7E71D1B273BA900ABE472 /* CHSoundAsset.m */ = {isa = PBXFileReference; fileEncoding = 4; lastKnownFileType = sourcecode.c.objc; name = CHSoundAsset.m; path = Cohort/CohortModel/CHSoundAsset.m; sourceTree = SOURCE_ROOT; };
		0ED7E7201B273BC500ABE472 /* CHSoundAssetTest.m */ = {isa = PBXFileReference; fileEncoding = 4; lastKnownFileType = sourcecode.c.objc; path = CHSoundAssetTest.m; sourceTree = "<group>"; };
		0ED7E7221B288F0C00ABE472 /* CHSession.h */ = {isa = PBXFileReference; fileEncoding = 4; lastKnownFileType = sourcecode.c.h; name = CHSession.h; path = CohortModel/CHSession.h; sourceTree = "<group>"; };
		0ED7E7231B288F0C00ABE472 /* CHSession.m */ = {isa = PBXFileReference; fileEncoding = 4; lastKnownFileType = sourcecode.c.objc; name = CHSession.m; path = CohortModel/CHSession.m; sourceTree = "<group>"; };
		0ED7E7261B288F2B00ABE472 /* CHSessionTest.m */ = {isa = PBXFileReference; fileEncoding = 4; lastKnownFileType = sourcecode.c.objc; path = CHSessionTest.m; sourceTree = "<group>"; };
		0ED7E72B1B28C20D00ABE472 /* Cohort.README */ = {isa = PBXFileReference; fileEncoding = 4; lastKnownFileType = text; name = Cohort.README; path = CohortModel/Cohort.README; sourceTree = "<group>"; };
		16F64D44EF69B478C6C547B8 /* Pods-Cohort.debug.xcconfig */ = {isa = PBXFileReference; includeInIndex = 1; lastKnownFileType = text.xcconfig; name = "Pods-Cohort.debug.xcconfig"; path = "Pods/Target Support Files/Pods-Cohort/Pods-Cohort.debug.xcconfig"; sourceTree = "<group>"; };
		9AAE0C2A6907A694B0BBC71E /* Pods-CohortTests.release.xcconfig */ = {isa = PBXFileReference; includeInIndex = 1; lastKnownFileType = text.xcconfig; name = "Pods-CohortTests.release.xcconfig"; path = "Pods/Target Support Files/Pods-CohortTests/Pods-CohortTests.release.xcconfig"; sourceTree = "<group>"; };
		9E8DA03C177D595CF0EA3742 /* libPods-CohortTests.a */ = {isa = PBXFileReference; explicitFileType = archive.ar; includeInIndex = 0; path = "libPods-CohortTests.a"; sourceTree = BUILT_PRODUCTS_DIR; };
		D6C01378DFCCA489351D56FB /* Pods-Cohort.release.xcconfig */ = {isa = PBXFileReference; includeInIndex = 1; lastKnownFileType = text.xcconfig; name = "Pods-Cohort.release.xcconfig"; path = "Pods/Target Support Files/Pods-Cohort/Pods-Cohort.release.xcconfig"; sourceTree = "<group>"; };
		F2C240D8EC6EF4280C42AEB9 /* libPods-Cohort.a */ = {isa = PBXFileReference; explicitFileType = archive.ar; includeInIndex = 0; path = "libPods-Cohort.a"; sourceTree = BUILT_PRODUCTS_DIR; };
		F3355AAF5B50AEF19BEC604C /* Pods-CohortTests.debug.xcconfig */ = {isa = PBXFileReference; includeInIndex = 1; lastKnownFileType = text.xcconfig; name = "Pods-CohortTests.debug.xcconfig"; path = "Pods/Target Support Files/Pods-CohortTests/Pods-CohortTests.debug.xcconfig"; sourceTree = "<group>"; };
/* End PBXFileReference section */

/* Begin PBXFrameworksBuildPhase section */
		0ED7E6E21B262CE800ABE472 /* Frameworks */ = {
			isa = PBXFrameworksBuildPhase;
			buildActionMask = 2147483647;
			files = (
				11D40BEB568CEAC9A59C0293 /* libPods-Cohort.a in Frameworks */,
			);
			runOnlyForDeploymentPostprocessing = 0;
		};
		0ED7E6FB1B262CE800ABE472 /* Frameworks */ = {
			isa = PBXFrameworksBuildPhase;
			buildActionMask = 2147483647;
			files = (
				54F389605F0BA944B6E766E7 /* libPods-CohortTests.a in Frameworks */,
			);
			runOnlyForDeploymentPostprocessing = 0;
		};
/* End PBXFrameworksBuildPhase section */

/* Begin PBXGroup section */
		0ECFA0C11B293A720052DDC7 /* media */ = {
			isa = PBXGroup;
			children = (
				0ECFA0CD1B2B2AB90052DDC7 /* clicktrack.m4a */,
			);
			name = media;
			sourceTree = "<group>";
		};
		0ECFA0C41B293F420052DDC7 /* external */ = {
			isa = PBXGroup;
			children = (
				0ECFA0D21B2B431F0052DDC7 /* AEAudioUnitFilePlayer.h */,
				0ECFA0D31B2B431F0052DDC7 /* AEAudioUnitFilePlayer.m */,
			);
			name = external;
			sourceTree = "<group>";
		};
		0ED7E6DC1B262CE800ABE472 = {
			isa = PBXGroup;
			children = (
				0ED7E6E71B262CE800ABE472 /* Cohort */,
				0ED7E7011B262CE800ABE472 /* CohortTests */,
				0ED7E6E61B262CE800ABE472 /* Products */,
				35F8C0BEF7329004DF60D094 /* Pods */,
				2123114B5BFB363FE04B2E21 /* Frameworks */,
			);
			sourceTree = "<group>";
		};
		0ED7E6E61B262CE800ABE472 /* Products */ = {
			isa = PBXGroup;
			children = (
				0ED7E6E51B262CE800ABE472 /* Cohort.app */,
				0ED7E6FE1B262CE800ABE472 /* CohortTests.xctest */,
			);
			name = Products;
			sourceTree = "<group>";
		};
		0ED7E6E71B262CE800ABE472 /* Cohort */ = {
			isa = PBXGroup;
			children = (
				0ED7E70E1B262F8200ABE472 /* Cohort */,
				0ED7E6EC1B262CE800ABE472 /* AppDelegate.h */,
				0ED7E6ED1B262CE800ABE472 /* AppDelegate.m */,
				0ED7E6EF1B262CE800ABE472 /* ViewController.h */,
				0ED7E6F01B262CE800ABE472 /* ViewController.m */,
				0ED7E6F21B262CE800ABE472 /* Main.storyboard */,
				0ED7E6F51B262CE800ABE472 /* Images.xcassets */,
				0ED7E6F71B262CE800ABE472 /* LaunchScreen.xib */,
				0ED7E6E81B262CE800ABE472 /* Supporting Files */,
				0ED7E72B1B28C20D00ABE472 /* Cohort.README */,
			);
			path = Cohort;
			sourceTree = "<group>";
		};
		0ED7E6E81B262CE800ABE472 /* Supporting Files */ = {
			isa = PBXGroup;
			children = (
				0ED7E6E91B262CE800ABE472 /* Info.plist */,
				0ED7E6EA1B262CE800ABE472 /* main.m */,
			);
			name = "Supporting Files";
			sourceTree = "<group>";
		};
		0ED7E7011B262CE800ABE472 /* CohortTests */ = {
			isa = PBXGroup;
			children = (
				0ED7E7021B262CE800ABE472 /* Supporting Files */,
				0ED7E7201B273BC500ABE472 /* CHSoundAssetTest.m */,
				0ED7E7261B288F2B00ABE472 /* CHSessionTest.m */,
				0ECFA0B91B292A0A0052DDC7 /* CHSoundCueTest.m */,
			);
			path = CohortTests;
			sourceTree = "<group>";
		};
		0ED7E7021B262CE800ABE472 /* Supporting Files */ = {
			isa = PBXGroup;
			children = (
				0ED7E7031B262CE800ABE472 /* Info.plist */,
			);
			name = "Supporting Files";
			sourceTree = "<group>";
		};
		0ED7E70E1B262F8200ABE472 /* Cohort */ = {
			isa = PBXGroup;
			children = (
				0ECFA0C51B293F840052DDC7 /* outline */,
				0ECFA0C41B293F420052DDC7 /* external */,
				0ECFA0C11B293A720052DDC7 /* media */,
				0E66A6951B2E733A00E8E010 /* Cohort.h */,
				0ED7E7111B2635DD00ABE472 /* CHCueing.h */,
				0ED7E7151B27384100ABE472 /* CHMediaAsset.h */,
				0ECFA0CA1B2940400052DDC7 /* CHSoundCue.h */,
				0ECFA0CB1B2940400052DDC7 /* CHSoundCue.m */,
				0ED7E71C1B273BA900ABE472 /* CHSoundAsset.h */,
				0ED7E71D1B273BA900ABE472 /* CHSoundAsset.m */,
				0ED7E7221B288F0C00ABE472 /* CHSession.h */,
				0ED7E7231B288F0C00ABE472 /* CHSession.m */,
			);
			name = Cohort;
			sourceTree = "<group>";
		};
		2123114B5BFB363FE04B2E21 /* Frameworks */ = {
			isa = PBXGroup;
			children = (
				0ECFA0B71B28C74A0052DDC7 /* AVFoundation.framework */,
				0ECFA0B51B28C7430052DDC7 /* AudioToolbox.framework */,
				0ECFA0B31B28C73C0052DDC7 /* Accelerate.framework */,
				F2C240D8EC6EF4280C42AEB9 /* libPods-Cohort.a */,
				9E8DA03C177D595CF0EA3742 /* libPods-CohortTests.a */,
			);
			name = Frameworks;
			sourceTree = "<group>";
		};
		35F8C0BEF7329004DF60D094 /* Pods */ = {
			isa = PBXGroup;
			children = (
				16F64D44EF69B478C6C547B8 /* Pods-Cohort.debug.xcconfig */,
				D6C01378DFCCA489351D56FB /* Pods-Cohort.release.xcconfig */,
				F3355AAF5B50AEF19BEC604C /* Pods-CohortTests.debug.xcconfig */,
				9AAE0C2A6907A694B0BBC71E /* Pods-CohortTests.release.xcconfig */,
			);
			name = Pods;
			sourceTree = "<group>";
		};
/* End PBXGroup section */

/* Begin PBXNativeTarget section */
		0ED7E6E41B262CE800ABE472 /* Cohort */ = {
			isa = PBXNativeTarget;
			buildConfigurationList = 0ED7E7081B262CE800ABE472 /* Build configuration list for PBXNativeTarget "Cohort" */;
			buildPhases = (
				92DF3B73FE523D4543277CC7 /* Check Pods Manifest.lock */,
				0ED7E6E11B262CE800ABE472 /* Sources */,
				0ED7E6E21B262CE800ABE472 /* Frameworks */,
				0ED7E6E31B262CE800ABE472 /* Resources */,
				5A838747463A4332857CFB3B /* Copy Pods Resources */,
			);
			buildRules = (
			);
			dependencies = (
			);
			name = Cohort;
			productName = Cohort;
			productReference = 0ED7E6E51B262CE800ABE472 /* Cohort.app */;
			productType = "com.apple.product-type.application";
		};
		0ED7E6FD1B262CE800ABE472 /* CohortTests */ = {
			isa = PBXNativeTarget;
			buildConfigurationList = 0ED7E70B1B262CE800ABE472 /* Build configuration list for PBXNativeTarget "CohortTests" */;
			buildPhases = (
				1F6B51346D1177E5E9EFF5DF /* Check Pods Manifest.lock */,
				0ED7E6FA1B262CE800ABE472 /* Sources */,
				0ED7E6FB1B262CE800ABE472 /* Frameworks */,
				0ED7E6FC1B262CE800ABE472 /* Resources */,
				A0689650FE270B492D21DF70 /* Copy Pods Resources */,
			);
			buildRules = (
			);
			dependencies = (
				0ED7E7001B262CE800ABE472 /* PBXTargetDependency */,
			);
			name = CohortTests;
			productName = CohortTests;
			productReference = 0ED7E6FE1B262CE800ABE472 /* CohortTests.xctest */;
			productType = "com.apple.product-type.bundle.unit-test";
		};
/* End PBXNativeTarget section */

/* Begin PBXProject section */
		0ED7E6DD1B262CE800ABE472 /* Project object */ = {
			isa = PBXProject;
			attributes = {
				LastUpgradeCheck = 0630;
				ORGANIZATIONNAME = "Jacob Niedzwiecki";
				TargetAttributes = {
					0ED7E6E41B262CE800ABE472 = {
						CreatedOnToolsVersion = 6.3.1;
					};
					0ED7E6FD1B262CE800ABE472 = {
						CreatedOnToolsVersion = 6.3.1;
						TestTargetID = 0ED7E6E41B262CE800ABE472;
					};
				};
			};
			buildConfigurationList = 0ED7E6E01B262CE800ABE472 /* Build configuration list for PBXProject "Cohort" */;
			compatibilityVersion = "Xcode 3.2";
			developmentRegion = English;
			hasScannedForEncodings = 0;
			knownRegions = (
				en,
				Base,
			);
			mainGroup = 0ED7E6DC1B262CE800ABE472;
			productRefGroup = 0ED7E6E61B262CE800ABE472 /* Products */;
			projectDirPath = "";
			projectRoot = "";
			targets = (
				0ED7E6E41B262CE800ABE472 /* Cohort */,
				0ED7E6FD1B262CE800ABE472 /* CohortTests */,
			);
		};
/* End PBXProject section */

/* Begin PBXResourcesBuildPhase section */
		0ED7E6E31B262CE800ABE472 /* Resources */ = {
			isa = PBXResourcesBuildPhase;
			buildActionMask = 2147483647;
			files = (
				0ED7E6F41B262CE800ABE472 /* Main.storyboard in Resources */,
				0ED7E6F91B262CE800ABE472 /* LaunchScreen.xib in Resources */,
				0ED7E72C1B28C20D00ABE472 /* Cohort.README in Resources */,
				0ECFA0C61B293F840052DDC7 /* outline in Resources */,
				0ED7E6F61B262CE800ABE472 /* Images.xcassets in Resources */,
				0ECFA0CE1B2B2AB90052DDC7 /* clicktrack.m4a in Resources */,
			);
			runOnlyForDeploymentPostprocessing = 0;
		};
		0ED7E6FC1B262CE800ABE472 /* Resources */ = {
			isa = PBXResourcesBuildPhase;
			buildActionMask = 2147483647;
			files = (
				0ED7E72D1B28C20D00ABE472 /* Cohort.README in Resources */,
			);
			runOnlyForDeploymentPostprocessing = 0;
		};
/* End PBXResourcesBuildPhase section */

/* Begin PBXShellScriptBuildPhase section */
		1F6B51346D1177E5E9EFF5DF /* Check Pods Manifest.lock */ = {
			isa = PBXShellScriptBuildPhase;
			buildActionMask = 2147483647;
			files = (
			);
			inputPaths = (
			);
			name = "Check Pods Manifest.lock";
			outputPaths = (
			);
			runOnlyForDeploymentPostprocessing = 0;
			shellPath = /bin/sh;
			shellScript = "diff \"${PODS_ROOT}/../Podfile.lock\" \"${PODS_ROOT}/Manifest.lock\" > /dev/null\nif [[ $? != 0 ]] ; then\n    cat << EOM\nerror: The sandbox is not in sync with the Podfile.lock. Run 'pod install' or update your CocoaPods installation.\nEOM\n    exit 1\nfi\n";
			showEnvVarsInLog = 0;
		};
		5A838747463A4332857CFB3B /* Copy Pods Resources */ = {
			isa = PBXShellScriptBuildPhase;
			buildActionMask = 2147483647;
			files = (
			);
			inputPaths = (
			);
			name = "Copy Pods Resources";
			outputPaths = (
			);
			runOnlyForDeploymentPostprocessing = 0;
			shellPath = /bin/sh;
			shellScript = "\"${SRCROOT}/Pods/Target Support Files/Pods-Cohort/Pods-Cohort-resources.sh\"\n";
			showEnvVarsInLog = 0;
		};
		92DF3B73FE523D4543277CC7 /* Check Pods Manifest.lock */ = {
			isa = PBXShellScriptBuildPhase;
			buildActionMask = 2147483647;
			files = (
			);
			inputPaths = (
			);
			name = "Check Pods Manifest.lock";
			outputPaths = (
			);
			runOnlyForDeploymentPostprocessing = 0;
			shellPath = /bin/sh;
			shellScript = "diff \"${PODS_ROOT}/../Podfile.lock\" \"${PODS_ROOT}/Manifest.lock\" > /dev/null\nif [[ $? != 0 ]] ; then\n    cat << EOM\nerror: The sandbox is not in sync with the Podfile.lock. Run 'pod install' or update your CocoaPods installation.\nEOM\n    exit 1\nfi\n";
			showEnvVarsInLog = 0;
		};
		A0689650FE270B492D21DF70 /* Copy Pods Resources */ = {
			isa = PBXShellScriptBuildPhase;
			buildActionMask = 2147483647;
			files = (
			);
			inputPaths = (
			);
			name = "Copy Pods Resources";
			outputPaths = (
			);
			runOnlyForDeploymentPostprocessing = 0;
			shellPath = /bin/sh;
			shellScript = "\"${SRCROOT}/Pods/Target Support Files/Pods-CohortTests/Pods-CohortTests-resources.sh\"\n";
			showEnvVarsInLog = 0;
		};
/* End PBXShellScriptBuildPhase section */

/* Begin PBXSourcesBuildPhase section */
		0ED7E6E11B262CE800ABE472 /* Sources */ = {
			isa = PBXSourcesBuildPhase;
			buildActionMask = 2147483647;
			files = (
				0ED7E6F11B262CE800ABE472 /* ViewController.m in Sources */,
				0ED7E6EE1B262CE800ABE472 /* AppDelegate.m in Sources */,
				0ED7E71E1B273BA900ABE472 /* CHSoundAsset.m in Sources */,
				0ED7E7241B288F0C00ABE472 /* CHSession.m in Sources */,
				0ECFA0D41B2B431F0052DDC7 /* AEAudioUnitFilePlayer.m in Sources */,
				0ECFA0CC1B2940400052DDC7 /* CHSoundCue.m in Sources */,
				0ED7E6EB1B262CE800ABE472 /* main.m in Sources */,
			);
			runOnlyForDeploymentPostprocessing = 0;
		};
		0ED7E6FA1B262CE800ABE472 /* Sources */ = {
			isa = PBXSourcesBuildPhase;
			buildActionMask = 2147483647;
			files = (
				0ED7E7271B288F2B00ABE472 /* CHSessionTest.m in Sources */,
				0ED7E7211B273BC500ABE472 /* CHSoundAssetTest.m in Sources */,
				0ED7E7251B288F0C00ABE472 /* CHSession.m in Sources */,
				0ED7E71F1B273BA900ABE472 /* CHSoundAsset.m in Sources */,
				0ECFA0BA1B292A0A0052DDC7 /* CHSoundCueTest.m in Sources */,
			);
			runOnlyForDeploymentPostprocessing = 0;
		};
/* End PBXSourcesBuildPhase section */

/* Begin PBXTargetDependency section */
		0ED7E7001B262CE800ABE472 /* PBXTargetDependency */ = {
			isa = PBXTargetDependency;
			target = 0ED7E6E41B262CE800ABE472 /* Cohort */;
			targetProxy = 0ED7E6FF1B262CE800ABE472 /* PBXContainerItemProxy */;
		};
/* End PBXTargetDependency section */

/* Begin PBXVariantGroup section */
		0ED7E6F21B262CE800ABE472 /* Main.storyboard */ = {
			isa = PBXVariantGroup;
			children = (
				0ED7E6F31B262CE800ABE472 /* Base */,
			);
			name = Main.storyboard;
			sourceTree = "<group>";
		};
		0ED7E6F71B262CE800ABE472 /* LaunchScreen.xib */ = {
			isa = PBXVariantGroup;
			children = (
				0ED7E6F81B262CE800ABE472 /* Base */,
			);
			name = LaunchScreen.xib;
			sourceTree = "<group>";
		};
/* End PBXVariantGroup section */

/* Begin XCBuildConfiguration section */
		0ED7E7061B262CE800ABE472 /* Debug */ = {
			isa = XCBuildConfiguration;
			buildSettings = {
				ALWAYS_SEARCH_USER_PATHS = NO;
				CLANG_CXX_LANGUAGE_STANDARD = "gnu++0x";
				CLANG_CXX_LIBRARY = "libc++";
				CLANG_ENABLE_MODULES = YES;
				CLANG_ENABLE_OBJC_ARC = YES;
				CLANG_WARN_BOOL_CONVERSION = YES;
				CLANG_WARN_CONSTANT_CONVERSION = YES;
				CLANG_WARN_DIRECT_OBJC_ISA_USAGE = YES_ERROR;
				CLANG_WARN_EMPTY_BODY = YES;
				CLANG_WARN_ENUM_CONVERSION = YES;
				CLANG_WARN_INT_CONVERSION = YES;
				CLANG_WARN_OBJC_ROOT_CLASS = YES_ERROR;
				CLANG_WARN_UNREACHABLE_CODE = YES;
				CLANG_WARN__DUPLICATE_METHOD_MATCH = YES;
				"CODE_SIGN_IDENTITY[sdk=iphoneos*]" = "iPhone Developer";
				COPY_PHASE_STRIP = NO;
				DEBUG_INFORMATION_FORMAT = "dwarf-with-dsym";
				ENABLE_STRICT_OBJC_MSGSEND = YES;
				GCC_C_LANGUAGE_STANDARD = gnu99;
				GCC_DYNAMIC_NO_PIC = NO;
				GCC_NO_COMMON_BLOCKS = YES;
				GCC_OPTIMIZATION_LEVEL = 0;
				GCC_PREPROCESSOR_DEFINITIONS = (
					"DEBUG=1",
					"$(inherited)",
				);
				GCC_SYMBOLS_PRIVATE_EXTERN = NO;
				GCC_WARN_64_TO_32_BIT_CONVERSION = YES;
				GCC_WARN_ABOUT_RETURN_TYPE = YES_ERROR;
				GCC_WARN_UNDECLARED_SELECTOR = YES;
				GCC_WARN_UNINITIALIZED_AUTOS = YES_AGGRESSIVE;
				GCC_WARN_UNUSED_FUNCTION = YES;
				GCC_WARN_UNUSED_VARIABLE = YES;
				IPHONEOS_DEPLOYMENT_TARGET = 8.3;
				MTL_ENABLE_DEBUG_INFO = YES;
				ONLY_ACTIVE_ARCH = YES;
				SDKROOT = iphoneos;
				TARGETED_DEVICE_FAMILY = "1,2";
			};
			name = Debug;
		};
		0ED7E7071B262CE800ABE472 /* Release */ = {
			isa = XCBuildConfiguration;
			buildSettings = {
				ALWAYS_SEARCH_USER_PATHS = NO;
				CLANG_CXX_LANGUAGE_STANDARD = "gnu++0x";
				CLANG_CXX_LIBRARY = "libc++";
				CLANG_ENABLE_MODULES = YES;
				CLANG_ENABLE_OBJC_ARC = YES;
				CLANG_WARN_BOOL_CONVERSION = YES;
				CLANG_WARN_CONSTANT_CONVERSION = YES;
				CLANG_WARN_DIRECT_OBJC_ISA_USAGE = YES_ERROR;
				CLANG_WARN_EMPTY_BODY = YES;
				CLANG_WARN_ENUM_CONVERSION = YES;
				CLANG_WARN_INT_CONVERSION = YES;
				CLANG_WARN_OBJC_ROOT_CLASS = YES_ERROR;
				CLANG_WARN_UNREACHABLE_CODE = YES;
				CLANG_WARN__DUPLICATE_METHOD_MATCH = YES;
				"CODE_SIGN_IDENTITY[sdk=iphoneos*]" = "iPhone Developer";
				COPY_PHASE_STRIP = NO;
				DEBUG_INFORMATION_FORMAT = "dwarf-with-dsym";
				ENABLE_NS_ASSERTIONS = NO;
				ENABLE_STRICT_OBJC_MSGSEND = YES;
				GCC_C_LANGUAGE_STANDARD = gnu99;
				GCC_NO_COMMON_BLOCKS = YES;
				GCC_WARN_64_TO_32_BIT_CONVERSION = YES;
				GCC_WARN_ABOUT_RETURN_TYPE = YES_ERROR;
				GCC_WARN_UNDECLARED_SELECTOR = YES;
				GCC_WARN_UNINITIALIZED_AUTOS = YES_AGGRESSIVE;
				GCC_WARN_UNUSED_FUNCTION = YES;
				GCC_WARN_UNUSED_VARIABLE = YES;
				IPHONEOS_DEPLOYMENT_TARGET = 8.3;
				MTL_ENABLE_DEBUG_INFO = NO;
				SDKROOT = iphoneos;
				TARGETED_DEVICE_FAMILY = "1,2";
				VALIDATE_PRODUCT = YES;
			};
			name = Release;
		};
		0ED7E7091B262CE800ABE472 /* Debug */ = {
			isa = XCBuildConfiguration;
			baseConfigurationReference = 16F64D44EF69B478C6C547B8 /* Pods-Cohort.debug.xcconfig */;
			buildSettings = {
				ASSETCATALOG_COMPILER_APPICON_NAME = AppIcon;
				INFOPLIST_FILE = Cohort/Info.plist;
				LD_RUNPATH_SEARCH_PATHS = "$(inherited) @executable_path/Frameworks";
				PRODUCT_NAME = "$(TARGET_NAME)";
			};
			name = Debug;
		};
		0ED7E70A1B262CE800ABE472 /* Release */ = {
			isa = XCBuildConfiguration;
			baseConfigurationReference = D6C01378DFCCA489351D56FB /* Pods-Cohort.release.xcconfig */;
			buildSettings = {
				ASSETCATALOG_COMPILER_APPICON_NAME = AppIcon;
				INFOPLIST_FILE = Cohort/Info.plist;
				LD_RUNPATH_SEARCH_PATHS = "$(inherited) @executable_path/Frameworks";
				PRODUCT_NAME = "$(TARGET_NAME)";
			};
			name = Release;
		};
		0ED7E70C1B262CE800ABE472 /* Debug */ = {
			isa = XCBuildConfiguration;
			baseConfigurationReference = F3355AAF5B50AEF19BEC604C /* Pods-CohortTests.debug.xcconfig */;
			buildSettings = {
				BUNDLE_LOADER = "$(TEST_HOST)";
				FRAMEWORK_SEARCH_PATHS = (
					"$(SDKROOT)/Developer/Library/Frameworks",
					"$(inherited)",
				);
				GCC_PREPROCESSOR_DEFINITIONS = (
					"DEBUG=1",
					"$(inherited)",
				);
				INFOPLIST_FILE = CohortTests/Info.plist;
				LD_RUNPATH_SEARCH_PATHS = "$(inherited) @executable_path/Frameworks @loader_path/Frameworks";
				PRODUCT_NAME = "$(TARGET_NAME)";
				TEST_HOST = "$(BUILT_PRODUCTS_DIR)/Cohort.app/Cohort";
			};
			name = Debug;
		};
		0ED7E70D1B262CE800ABE472 /* Release */ = {
			isa = XCBuildConfiguration;
			baseConfigurationReference = 9AAE0C2A6907A694B0BBC71E /* Pods-CohortTests.release.xcconfig */;
			buildSettings = {
				BUNDLE_LOADER = "$(TEST_HOST)";
				FRAMEWORK_SEARCH_PATHS = (
					"$(SDKROOT)/Developer/Library/Frameworks",
					"$(inherited)",
				);
				INFOPLIST_FILE = CohortTests/Info.plist;
				LD_RUNPATH_SEARCH_PATHS = "$(inherited) @executable_path/Frameworks @loader_path/Frameworks";
				PRODUCT_NAME = "$(TARGET_NAME)";
				TEST_HOST = "$(BUILT_PRODUCTS_DIR)/Cohort.app/Cohort";
			};
			name = Release;
		};
/* End XCBuildConfiguration section */

/* Begin XCConfigurationList section */
		0ED7E6E01B262CE800ABE472 /* Build configuration list for PBXProject "Cohort" */ = {
			isa = XCConfigurationList;
			buildConfigurations = (
				0ED7E7061B262CE800ABE472 /* Debug */,
				0ED7E7071B262CE800ABE472 /* Release */,
			);
			defaultConfigurationIsVisible = 0;
			defaultConfigurationName = Release;
		};
		0ED7E7081B262CE800ABE472 /* Build configuration list for PBXNativeTarget "Cohort" */ = {
			isa = XCConfigurationList;
			buildConfigurations = (
				0ED7E7091B262CE800ABE472 /* Debug */,
				0ED7E70A1B262CE800ABE472 /* Release */,
			);
			defaultConfigurationIsVisible = 0;
			defaultConfigurationName = Release;
		};
		0ED7E70B1B262CE800ABE472 /* Build configuration list for PBXNativeTarget "CohortTests" */ = {
			isa = XCConfigurationList;
			buildConfigurations = (
				0ED7E70C1B262CE800ABE472 /* Debug */,
				0ED7E70D1B262CE800ABE472 /* Release */,
			);
			defaultConfigurationIsVisible = 0;
			defaultConfigurationName = Release;
		};
/* End XCConfigurationList section */
	};
	rootObject = 0ED7E6DD1B262CE800ABE472 /* Project object */;
}
